
Microsoft Visual Studio Solution File, Format Version 12.00
# Visual Studio Version 17
VisualStudioVersion = 17.14.36017.23
MinimumVisualStudioVersion = 10.0.40219.1
Project("{FAE04EC0-301F-11D3-BF4B-00C04F79EFBC}") = "El-Cliente.Shared", "El-Cliente.Shared\El-Cliente.Shared.csproj", "{218E8E42-046A-408C-9033-29EC18005FEC}"
EndProject
Project("{FAE04EC0-301F-11D3-BF4B-00C04F79EFBC}") = "El-Cliente.Api", "El-Cliente.Api\El-Cliente.Api.csproj", "{0F4EE94B-43D7-4BAA-BDC8-E037C3143838}"
EndProject
Project("{FAE04EC0-301F-11D3-BF4B-00C04F79EFBC}") = "ElCliente.Web", "ElCliente.Web\ElCliente.Web.csproj", "{93EA2078-D30A-415C-BA89-30879EA2C922}"
EndProject
Global
	GlobalSection(SolutionConfigurationPlatforms) = preSolution
		Debug|Any CPU = Debug|Any CPU
		Release|Any CPU = Release|Any CPU
	EndGlobalSection
	GlobalSection(ProjectConfigurationPlatforms) = postSolution
		{218E8E42-046A-408C-9033-29EC18005FEC}.Debug|Any CPU.ActiveCfg = Debug|Any CPU
		{218E8E42-046A-408C-9033-29EC18005FEC}.Debug|Any CPU.Build.0 = Debug|Any CPU
		{218E8E42-046A-408C-9033-29EC18005FEC}.Release|Any CPU.ActiveCfg = Release|Any CPU
		{218E8E42-046A-408C-9033-29EC18005FEC}.Release|Any CPU.Build.0 = Release|Any CPU
		{0F4EE94B-43D7-4BAA-BDC8-E037C3143838}.Debug|Any CPU.ActiveCfg = Debug|Any CPU
		{0F4EE94B-43D7-4BAA-BDC8-E037C3143838}.Debug|Any CPU.Build.0 = Debug|Any CPU
		{0F4EE94B-43D7-4BAA-BDC8-E037C3143838}.Release|Any CPU.ActiveCfg = Release|Any CPU
		{0F4EE94B-43D7-4BAA-BDC8-E037C3143838}.Release|Any CPU.Build.0 = Release|Any CPU
		{93EA2078-D30A-415C-BA89-30879EA2C922}.Debug|Any CPU.ActiveCfg = Debug|Any CPU
		{93EA2078-D30A-415C-BA89-30879EA2C922}.Debug|Any CPU.Build.0 = Debug|Any CPU
		{93EA2078-D30A-415C-BA89-30879EA2C922}.Release|Any CPU.ActiveCfg = Release|Any CPU
		{93EA2078-D30A-415C-BA89-30879EA2C922}.Release|Any CPU.Build.0 = Release|Any CPU
	EndGlobalSection
	GlobalSection(SolutionProperties) = preSolution
		HideSolutionNode = FALSE
	EndGlobalSection
	GlobalSection(ExtensibilityGlobals) = postSolution
		SolutionGuid = {3EB27777-D4F7-46C9-8BB4-43A0971E0C12}
	EndGlobalSection
EndGlobal
